Microsoft Visual Studio Solution File, Format Version 11.00
# Visual Studio 2008

Project("{EE7447C0-BE8D-85F5-B0A4-0CB1A67D9DAB}") = "unity_ar_example", "Assembly-CSharp-vs.csproj", "{B2B4DFD1-F9D9-4800-9665-BB4372829034}"
EndProject
Project("{EE7447C0-BE8D-85F5-B0A4-0CB1A67D9DAB}") = "unity_ar_example", "Assembly-CSharp-Editor-vs.csproj", "{C3EC6127-395E-1438-F7B2-3DC22F0744CD}"
EndProject
Global
	GlobalSection(SolutionConfigurationPlatforms) = preSolution
		Debug|Any CPU = Debug|Any CPU
		Release|Any CPU = Release|Any CPU
	EndGlobalSection
	GlobalSection(ProjectConfigurationPlatforms) = postSolution
		{B2B4DFD1-F9D9-4800-9665-BB4372829034}.Debug|Any CPU.ActiveCfg = Debug|Any CPU
		{B2B4DFD1-F9D9-4800-9665-BB4372829034}.Debug|Any CPU.Build.0 = Debug|Any CPU
		{B2B4DFD1-F9D9-4800-9665-BB4372829034}.Release|Any CPU.ActiveCfg = Release|Any CPU
		{B2B4DFD1-F9D9-4800-9665-BB4372829034}.Release|Any CPU.Build.0 = Release|Any CPU
		{C3EC6127-395E-1438-F7B2-3DC22F0744CD}.Debug|Any CPU.ActiveCfg = Debug|Any CPU
		{C3EC6127-395E-1438-F7B2-3DC22F0744CD}.Debug|Any CPU.Build.0 = Debug|Any CPU
		{C3EC6127-395E-1438-F7B2-3DC22F0744CD}.Release|Any CPU.ActiveCfg = Release|Any CPU
		{C3EC6127-395E-1438-F7B2-3DC22F0744CD}.Release|Any CPU.Build.0 = Release|Any CPU
	EndGlobalSection
	GlobalSection(SolutionProperties) = preSolution
		HideSolutionNode = FALSE
	EndGlobalSection
										GlobalSection(MonoDevelopProperties) = preSolution
		StartupItem = Assembly-CSharp.csproj
		Policies = $0
		$0.TextStylePolicy = $1
		$1.inheritsSet = null
		$1.scope = text/x-csharp
		$0.CSharpFormattingPolicy = $2
		$2.inheritsSet = Mono
		$2.inheritsScope = text/x-csharp
		$2.scope = text/x-csharp
		$0.TextStylePolicy = $3
		$3.FileWidth = 120
		$3.TabWidth = 4
		$3.EolMarker = Unix
		$3.inheritsSet = Mono
		$3.inheritsScope = text/plain
		$3.scope = text/plain
	EndGlobalSection

EndGlobal
